PODS:
  - easy_pdf_viewer (1.0.8):
    - Flutter
  - Flutter (1.0.0)
  - permission_handler_apple (9.3.0):
    - Flutter

DEPENDENCIES:
  - easy_pdf_viewer (from `.symlinks/plugins/easy_pdf_viewer/ios`)
  - Flutter (from `Flutter`)
  - permission_handler_apple (from `.symlinks/plugins/permission_handler_apple/ios`)

EXTERNAL SOURCES:
  easy_pdf_viewer:
    :path: ".symlinks/plugins/easy_pdf_viewer/ios"
  Flutter:
    :path: Flutter
  permission_handler_apple:
    :path: ".symlinks/plugins/permission_handler_apple/ios"

SPEC CHECKSUMS:
  easy_pdf_viewer: b9a0f47133abe7c7843ac0aa8071ad1ad6edf4c2
  Flutter: 71a624a5bc0c04062bf19101d501e466baf2fb47
  permission_handler_apple: 4ed2196e43d0651e8ff7ca3483a069d469701f2d

PODFILE CHECKSUM: 10fc85d37755e68bb687491697f761cb1de2e2ea

COCOAPODS: 1.17.0
